
Microsoft Visual Studio Solution File, Format Version 12.00
# Visual Studio Version 18
VisualStudioVersion = 18.1.11312.151
MinimumVisualStudioVersion = 10.0.40219.1
Project("{2150E333-8FDC-42A3-9474-1A3956D46DE8}") = "Solution Items", "Solution Items", "{5873BBC3-0765-4351-ABA2-DC3B23824C1C}"
	ProjectSection(SolutionItems) = preProject
		.editorconfig = .editorconfig
	EndProjectSection
EndProject
Project("{2150E333-8FDC-42A3-9474-1A3956D46DE8}") = "src", "src", "{827E0CD3-B72D-47B6-A68D-7590B98EB39B}"
EndProject
Project("{2150E333-8FDC-42A3-9474-1A3956D46DE8}") = "users", "users", "{8D35EFEC-78C4-8934-F699-CDC21DCDF895}"
EndProject
Project("{FAE04EC0-301F-11D3-BF4B-00C04F79EFBC}") = "Users", "src\users\Users.csproj", "{0CB7F99D-CE66-42BF-AC52-311BBAE456BD}"
EndProject
Project("{FAE04EC0-301F-11D3-BF4B-00C04F79EFBC}") = "Users.Test", "tests\Users.Test\Users.Test.csproj", "{A466DBDB-E693-488D-ABE3-BF85940514F4}"
EndProject
Global
	GlobalSection(SolutionConfigurationPlatforms) = preSolution
		Debug|Any CPU = Debug|Any CPU
		Debug|x64 = Debug|x64
		Debug|x86 = Debug|x86
		Release|Any CPU = Release|Any CPU
		Release|x64 = Release|x64
		Release|x86 = Release|x86
	EndGlobalSection
	GlobalSection(ProjectConfigurationPlatforms) = postSolution
		{0CB7F99D-CE66-42BF-AC52-311BBAE456BD}.Debug|Any CPU.ActiveCfg = Debug|Any CPU
		{0CB7F99D-CE66-42BF-AC52-311BBAE456BD}.Debug|Any CPU.Build.0 = Debug|Any CPU
		{0CB7F99D-CE66-42BF-AC52-311BBAE456BD}.Debug|x64.ActiveCfg = Debug|Any CPU
		{0CB7F99D-CE66-42BF-AC52-311BBAE456BD}.Debug|x64.Build.0 = Debug|Any CPU
		{0CB7F99D-CE66-42BF-AC52-311BBAE456BD}.Debug|x86.ActiveCfg = Debug|Any CPU
		{0CB7F99D-CE66-42BF-AC52-311BBAE456BD}.Debug|x86.Build.0 = Debug|Any CPU
		{0CB7F99D-CE66-42BF-AC52-311BBAE456BD}.Release|Any CPU.ActiveCfg = Release|Any CPU
		{0CB7F99D-CE66-42BF-AC52-311BBAE456BD}.Release|Any CPU.Build.0 = Release|Any CPU
		{0CB7F99D-CE66-42BF-AC52-311BBAE456BD}.Release|x64.ActiveCfg = Release|Any CPU
		{0CB7F99D-CE66-42BF-AC52-311BBAE456BD}.Release|x64.Build.0 = Release|Any CPU
		{0CB7F99D-CE66-42BF-AC52-311BBAE456BD}.Release|x86.ActiveCfg = Release|Any CPU
		{0CB7F99D-CE66-42BF-AC52-311BBAE456BD}.Release|x86.Build.0 = Release|Any CPU
		{A466DBDB-E693-488D-ABE3-BF85940514F4}.Debug|Any CPU.ActiveCfg = Debug|Any CPU
		{A466DBDB-E693-488D-ABE3-BF85940514F4}.Debug|Any CPU.Build.0 = Debug|Any CPU
		{A466DBDB-E693-488D-ABE3-BF85940514F4}.Debug|x64.ActiveCfg = Debug|Any CPU
		{A466DBDB-E693-488D-ABE3-BF85940514F4}.Debug|x64.Build.0 = Debug|Any CPU
		{A466DBDB-E693-488D-ABE3-BF85940514F4}.Debug|x86.ActiveCfg = Debug|Any CPU
		{A466DBDB-E693-488D-ABE3-BF85940514F4}.Debug|x86.Build.0 = Debug|Any CPU
		{A466DBDB-E693-488D-ABE3-BF85940514F4}.Release|Any CPU.ActiveCfg = Release|Any CPU
		{A466DBDB-E693-488D-ABE3-BF85940514F4}.Release|Any CPU.Build.0 = Release|Any CPU
		{A466DBDB-E693-488D-ABE3-BF85940514F4}.Release|x64.ActiveCfg = Release|Any CPU
		{A466DBDB-E693-488D-ABE3-BF85940514F4}.Release|x64.Build.0 = Release|Any CPU
		{A466DBDB-E693-488D-ABE3-BF85940514F4}.Release|x86.ActiveCfg = Release|Any CPU
		{A466DBDB-E693-488D-ABE3-BF85940514F4}.Release|x86.Build.0 = Release|Any CPU
	EndGlobalSection
	GlobalSection(SolutionProperties) = preSolution
		HideSolutionNode = FALSE
	EndGlobalSection
	GlobalSection(NestedProjects) = preSolution
		{8D35EFEC-78C4-8934-F699-CDC21DCDF895} = {827E0CD3-B72D-47B6-A68D-7590B98EB39B}
		{0CB7F99D-CE66-42BF-AC52-311BBAE456BD} = {8D35EFEC-78C4-8934-F699-CDC21DCDF895}
	EndGlobalSection
	GlobalSection(ExtensibilityGlobals) = postSolution
		SolutionGuid = {BAD6C760-F8EB-4938-966B-69515210EB94}
	EndGlobalSection
EndGlobal
