
Microsoft Visual Studio Solution File, Format Version 12.00
# Visual Studio Version 17
VisualStudioVersion = 17.14.36804.6 d17.14
MinimumVisualStudioVersion = 10.0.40219.1
Project("{FAE04EC0-301F-11D3-BF4B-00C04F79EFBC}") = "Users", "Users.csproj", "{6B329C7C-E271-4EB2-A62A-64ABE04C7C3C}"
EndProject
Global
	GlobalSection(SolutionConfigurationPlatforms) = preSolution
		Debug|Any CPU = Debug|Any CPU
		Release|Any CPU = Release|Any CPU
	EndGlobalSection
	GlobalSection(ProjectConfigurationPlatforms) = postSolution
		{6B329C7C-E271-4EB2-A62A-64ABE04C7C3C}.Debug|Any CPU.ActiveCfg = Debug|Any CPU
		{6B329C7C-E271-4EB2-A62A-64ABE04C7C3C}.Debug|Any CPU.Build.0 = Debug|Any CPU
		{6B329C7C-E271-4EB2-A62A-64ABE04C7C3C}.Release|Any CPU.ActiveCfg = Release|Any CPU
		{6B329C7C-E271-4EB2-A62A-64ABE04C7C3C}.Release|Any CPU.Build.0 = Release|Any CPU
	EndGlobalSection
	GlobalSection(SolutionProperties) = preSolution
		HideSolutionNode = FALSE
	EndGlobalSection
	GlobalSection(ExtensibilityGlobals) = postSolution
		SolutionGuid = {BAD6C760-F8EB-4938-966B-69515210EB94}
	EndGlobalSection
EndGlobal
